// !$*UTF8*$!
{
	archiveVersion = 1;
	classes = {
	};
	objectVersion = 50;
	objects = {

/* Begin PBXBuildFile section */
		4AF281732126B00100BFFE3C /* AppDelegate.swift in Sources */ = {isa = PBXBuildFile; fileRef = 4AF281722126B00100BFFE3C /* AppDelegate.swift */; };
		4AF281752126B00100BFFE3C /* ViewController.swift in Sources */ = {isa = PBXBuildFile; fileRef = 4AF281742126B00100BFFE3C /* ViewController.swift */; };
		4AF281782126B00100BFFE3C /* Main.storyboard in Resources */ = {isa = PBXBuildFile; fileRef = 4AF281762126B00100BFFE3C /* Main.storyboard */; };
		4AF2817A2126B00300BFFE3C /* Assets.xcassets in Resources */ = {isa = PBXBuildFile; fileRef = 4AF281792126B00300BFFE3C /* Assets.xcassets */; };
		4AF2817D2126B00300BFFE3C /* LaunchScreen.storyboard in Resources */ = {isa = PBXBuildFile; fileRef = 4AF2817B2126B00300BFFE3C /* LaunchScreen.storyboard */; };
		4AF281852126B0A200BFFE3C /* BoyViewController.swift in Sources */ = {isa = PBXBuildFile; fileRef = 4AF281842126B0A200BFFE3C /* BoyViewController.swift */; };
		4AF281872126B0B600BFFE3C /* GirlViewController.swift in Sources */ = {isa = PBXBuildFile; fileRef = 4AF281862126B0B600BFFE3C /* GirlViewController.swift */; };
/* End PBXBuildFile section */

/* Begin PBXFileReference section */
		4AF2816F2126B00100BFFE3C /* Class22-2.app */ = {isa = PBXFileReference; explicitFileType = wrapper.application; includeInIndex = 0; path = "Class22-2.app"; sourceTree = BUILT_PRODUCTS_DIR; };
		4AF281722126B00100BFFE3C /* AppDelegate.swift */ = {isa = PBXFileReference; lastKnownFileType = sourcecode.swift; path = AppDelegate.swift; sourceTree = "<group>"; };
		4AF281742126B00100BFFE3C /* ViewController.swift */ = {isa = PBXFileReference; lastKnownFileType = sourcecode.swift; path = ViewController.swift; sourceTree = "<group>"; };
		4AF281772126B00100BFFE3C /* Base */ = {isa = PBXFileReference; lastKnownFileType = file.storyboard; name = Base; path = Base.lproj/Main.storyboard; sourceTree = "<group>"; };
		4AF281792126B00300BFFE3C /* Assets.xcassets */ = {isa = PBXFileReference; lastKnownFileType = folder.assetcatalog; path = Assets.xcassets; sourceTree = "<group>"; };
		4AF2817C2126B00300BFFE3C /* Base */ = {isa = PBXFileReference; lastKnownFileType = file.storyboard; name = Base; path = Base.lproj/LaunchScreen.storyboard; sourceTree = "<group>"; };
		4AF2817E2126B00300BFFE3C /* Info.plist */ = {isa = PBXFileReference; lastKnownFileType = text.plist.xml; path = Info.plist; sourceTree = "<group>"; };
		4AF281842126B0A200BFFE3C /* BoyViewController.swift */ = {isa = PBXFileReference; lastKnownFileType = sourcecode.swift; path = BoyViewController.swift; sourceTree = "<group>"; };
		4AF281862126B0B600BFFE3C /* GirlViewController.swift */ = {isa = PBXFileReference; lastKnownFileType = sourcecode.swift; path = GirlViewController.swift; sourceTree = "<group>"; };
/* End PBXFileReference section */

/* Begin PBXFrameworksBuildPhase section */
		4AF2816C2126B00100BFFE3C /* Frameworks */ = {
			isa = PBXFrameworksBuildPhase;
			buildActionMask = 2147483647;
			files = (
			);
			runOnlyForDeploymentPostprocessing = 0;
		};
/* End PBXFrameworksBuildPhase section */

/* Begin PBXGroup section */
		4AF281662126B00100BFFE3C = {
			isa = PBXGroup;
			children = (
				4AF281712126B00100BFFE3C /* Class22-2 */,
				4AF281702126B00100BFFE3C /* Products */,
			);
			sourceTree = "<group>";
		};
		4AF281702126B00100BFFE3C /* Products */ = {
			isa = PBXGroup;
			children = (
				4AF2816F2126B00100BFFE3C /* Class22-2.app */,
			);
			name = Products;
			sourceTree = "<group>";
		};
		4AF281712126B00100BFFE3C /* Class22-2 */ = {
			isa = PBXGroup;
			children = (
				4AF281722126B00100BFFE3C /* AppDelegate.swift */,
				4AF281742126B00100BFFE3C /* ViewController.swift */,
				4AF281762126B00100BFFE3C /* Main.storyboard */,
				4AF281862126B0B600BFFE3C /* GirlViewController.swift */,
				4AF281842126B0A200BFFE3C /* BoyViewController.swift */,
				4AF281792126B00300BFFE3C /* Assets.xcassets */,
				4AF2817B2126B00300BFFE3C /* LaunchScreen.storyboard */,
				4AF2817E2126B00300BFFE3C /* Info.plist */,
			);
			path = "Class22-2";
			sourceTree = "<group>";
		};
/* End PBXGroup section */

/* Begin PBXNativeTarget section */
		4AF2816E2126B00100BFFE3C /* Class22-2 */ = {
			isa = PBXNativeTarget;
			buildConfigurationList = 4AF281812126B00300BFFE3C /* Build configuration list for PBXNativeTarget "Class22-2" */;
			buildPhases = (
				4AF2816B2126B00100BFFE3C /* Sources */,
				4AF2816C2126B00100BFFE3C /* Frameworks */,
				4AF2816D2126B00100BFFE3C /* Resources */,
			);
			buildRules = (
			);
			dependencies = (
			);
			name = "Class22-2";
			productName = "Class22-2";
			productReference = 4AF2816F2126B00100BFFE3C /* Class22-2.app */;
			productType = "com.apple.product-type.application";
		};
/* End PBXNativeTarget section */

/* Begin PBXProject section */
		4AF281672126B00100BFFE3C /* Project object */ = {
			isa = PBXProject;
			attributes = {
				LastSwiftUpdateCheck = 1000;
				LastUpgradeCheck = 1000;
				ORGANIZATIONNAME = "劉鴻祥";
				TargetAttributes = {
					4AF2816E2126B00100BFFE3C = {
						CreatedOnToolsVersion = 10.0;
					};
				};
			};
			buildConfigurationList = 4AF2816A2126B00100BFFE3C /* Build configuration list for PBXProject "Class22-2" */;
			compatibilityVersion = "Xcode 9.3";
			developmentRegion = en;
			hasScannedForEncodings = 0;
			knownRegions = (
				en,
				Base,
			);
			mainGroup = 4AF281662126B00100BFFE3C;
			productRefGroup = 4AF281702126B00100BFFE3C /* Products */;
			projectDirPath = "";
			projectRoot = "";
			targets = (
				4AF2816E2126B00100BFFE3C /* Class22-2 */,
			);
		};
/* End PBXProject section */

/* Begin PBXResourcesBuildPhase section */
		4AF2816D2126B00100BFFE3C /* Resources */ = {
			isa = PBXResourcesBuildPhase;
			buildActionMask = 2147483647;
			files = (
				4AF2817D2126B00300BFFE3C /* LaunchScreen.storyboard in Resources */,
				4AF2817A2126B00300BFFE3C /* Assets.xcassets in Resources */,
				4AF281782126B00100BFFE3C /* Main.storyboard in Resources */,
			);
			runOnlyForDeploymentPostprocessing = 0;
		};
/* End PBXResourcesBuildPhase section */

/* Begin PBXSourcesBuildPhase section */
		4AF2816B2126B00100BFFE3C /* Sources */ = {
			isa = PBXSourcesBuildPhase;
			buildActionMask = 2147483647;
			files = (
				4AF281872126B0B600BFFE3C /* GirlViewController.swift in Sources */,
				4AF281752126B00100BFFE3C /* ViewController.swift in Sources */,
				4AF281732126B00100BFFE3C /* AppDelegate.swift in Sources */,
				4AF281852126B0A200BFFE3C /* BoyViewController.swift in Sources */,
			);
			runOnlyForDeploymentPostprocessing = 0;
		};
/* End PBXSourcesBuildPhase section */

/* Begin PBXVariantGroup section */
		4AF281762126B00100BFFE3C /* Main.storyboard */ = {
			isa = PBXVariantGroup;
			children = (
				4AF281772126B00100BFFE3C /* Base */,
			);
			name = Main.storyboard;
			sourceTree = "<group>";
		};
		4AF2817B2126B00300BFFE3C /* LaunchScreen.storyboard */ = {
			isa = PBXVariantGroup;
			children = (
				4AF2817C2126B00300BFFE3C /* Base */,
			);
			name = LaunchScreen.storyboard;
			sourceTree = "<group>";
		};
/* End PBXVariantGroup section */

/* Begin XCBuildConfiguration section */
		4AF2817F2126B00300BFFE3C /* Debug */ = {
			isa = XCBuildConfiguration;
			buildSettings = {
				ALWAYS_SEARCH_USER_PATHS = NO;
				CLANG_ANALYZER_NONNULL = YES;
				CLANG_ANALYZER_NUMBER_OBJECT_CONVERSION = YES_AGGRESSIVE;
				CLANG_CXX_LANGUAGE_STANDARD = "gnu++14";
				CLANG_CXX_LIBRARY = "libc++";
				CLANG_ENABLE_MODULES = YES;
				CLANG_ENABLE_OBJC_ARC = YES;
				CLANG_ENABLE_OBJC_WEAK = YES;
				CLANG_WARN_BLOCK_CAPTURE_AUTORELEASING = YES;
				CLANG_WARN_BOOL_CONVERSION = YES;
				CLANG_WARN_COMMA = YES;
				CLANG_WARN_CONSTANT_CONVERSION = YES;
				CLANG_WARN_DEPRECATED_OBJC_IMPLEMENTATIONS = YES;
				CLANG_WARN_DIRECT_OBJC_ISA_USAGE = YES_ERROR;
				CLANG_WARN_DOCUMENTATION_COMMENTS = YES;
				CLANG_WARN_EMPTY_BODY = YES;
				CLANG_WARN_ENUM_CONVERSION = YES;
				CLANG_WARN_INFINITE_RECURSION = YES;
				CLANG_WARN_INT_CONVERSION = YES;
				CLANG_WARN_NON_LITERAL_NULL_CONVERSION = YES;
				CLANG_WARN_OBJC_IMPLICIT_RETAIN_SELF = YES;
				CLANG_WARN_OBJC_LITERAL_CONVERSION = YES;
				CLANG_WARN_OBJC_ROOT_CLASS = YES_ERROR;
				CLANG_WARN_RANGE_LOOP_ANALYSIS = YES;
				CLANG_WARN_STRICT_PROTOTYPES = YES;
				CLANG_WARN_SUSPICIOUS_MOVE = YES;
				CLANG_WARN_UNGUARDED_AVAILABILITY = YES_AGGRESSIVE;
				CLANG_WARN_UNREACHABLE_CODE = YES;
				CLANG_WARN__DUPLICATE_METHOD_MATCH = YES;
				CODE_SIGN_IDENTITY = "iPhone Developer";
				COPY_PHASE_STRIP = NO;
				DEBUG_INFORMATION_FORMAT = dwarf;
				ENABLE_STRICT_OBJC_MSGSEND = YES;
				ENABLE_TESTABILITY = YES;
				GCC_C_LANGUAGE_STANDARD = gnu11;
				GCC_DYNAMIC_NO_PIC = NO;
				GCC_NO_COMMON_BLOCKS = YES;
				GCC_OPTIMIZATION_LEVEL = 0;
				GCC_PREPROCESSOR_DEFINITIONS = (
					"DEBUG=1",
					"$(inherited)",
				);
				GCC_WARN_64_TO_32_BIT_CONVERSION = YES;
				GCC_WARN_ABOUT_RETURN_TYPE = YES_ERROR;
				GCC_WARN_UNDECLARED_SELECTOR = YES;
				GCC_WARN_UNINITIALIZED_AUTOS = YES_AGGRESSIVE;
				GCC_WARN_UNUSED_FUNCTION = YES;
				GCC_WARN_UNUSED_VARIABLE = YES;
				IPHONEOS_DEPLOYMENT_TARGET = 12.0;
				MTL_ENABLE_DEBUG_INFO = INCLUDE_SOURCE;
				MTL_FAST_MATH = YES;
				ONLY_ACTIVE_ARCH = YES;
				SDKROOT = iphoneos;
				SWIFT_ACTIVE_COMPILATION_CONDITIONS = DEBUG;
				SWIFT_OPTIMIZATION_LEVEL = "-Onone";
			};
			name = Debug;
		};
		4AF281802126B00300BFFE3C /* Release */ = {
			isa = XCBuildConfiguration;
			buildSettings = {
				ALWAYS_SEARCH_USER_PATHS = NO;
				CLANG_ANALYZER_NONNULL = YES;
				CLANG_ANALYZER_NUMBER_OBJECT_CONVERSION = YES_AGGRESSIVE;
				CLANG_CXX_LANGUAGE_STANDARD = "gnu++14";
				CLANG_CXX_LIBRARY = "libc++";
				CLANG_ENABLE_MODULES = YES;
				CLANG_ENABLE_OBJC_ARC = YES;
				CLANG_ENABLE_OBJC_WEAK = YES;
				CLANG_WARN_BLOCK_CAPTURE_AUTORELEASING = YES;
				CLANG_WARN_BOOL_CONVERSION = YES;
				CLANG_WARN_COMMA = YES;
				CLANG_WARN_CONSTANT_CONVERSION = YES;
				CLANG_WARN_DEPRECATED_OBJC_IMPLEMENTATIONS = YES;
				CLANG_WARN_DIRECT_OBJC_ISA_USAGE = YES_ERROR;
				CLANG_WARN_DOCUMENTATION_COMMENTS = YES;
				CLANG_WARN_EMPTY_BODY = YES;
				CLANG_WARN_ENUM_CONVERSION = YES;
				CLANG_WARN_INFINITE_RECURSION = YES;
				CLANG_WARN_INT_CONVERSION = YES;
				CLANG_WARN_NON_LITERAL_NULL_CONVERSION = YES;
				CLANG_WARN_OBJC_IMPLICIT_RETAIN_SELF = YES;
				CLANG_WARN_OBJC_LITERAL_CONVERSION = YES;
				CLANG_WARN_OBJC_ROOT_CLASS = YES_ERROR;
				CLANG_WARN_RANGE_LOOP_ANALYSIS = YES;
				CLANG_WARN_STRICT_PROTOTYPES = YES;
				CLANG_WARN_SUSPICIOUS_MOVE = YES;
				CLANG_WARN_UNGUARDED_AVAILABILITY = YES_AGGRESSIVE;
				CLANG_WARN_UNREACHABLE_CODE = YES;
				CLANG_WARN__DUPLICATE_METHOD_MATCH = YES;
				CODE_SIGN_IDENTITY = "iPhone Developer";
				COPY_PHASE_STRIP = NO;
				DEBUG_INFORMATION_FORMAT = "dwarf-with-dsym";
				ENABLE_NS_ASSERTIONS = NO;
				ENABLE_STRICT_OBJC_MSGSEND = YES;
				GCC_C_LANGUAGE_STANDARD = gnu11;
				GCC_NO_COMMON_BLOCKS = YES;
				GCC_WARN_64_TO_32_BIT_CONVERSION = YES;
				GCC_WARN_ABOUT_RETURN_TYPE = YES_ERROR;
				GCC_WARN_UNDECLARED_SELECTOR = YES;
				GCC_WARN_UNINITIALIZED_AUTOS = YES_AGGRESSIVE;
				GCC_WARN_UNUSED_FUNCTION = YES;
				GCC_WARN_UNUSED_VARIABLE = YES;
				IPHONEOS_DEPLOYMENT_TARGET = 12.0;
				MTL_ENABLE_DEBUG_INFO = NO;
				MTL_FAST_MATH = YES;
				SDKROOT = iphoneos;
				SWIFT_COMPILATION_MODE = wholemodule;
				SWIFT_OPTIMIZATION_LEVEL = "-O";
				VALIDATE_PRODUCT = YES;
			};
			name = Release;
		};
		4AF281822126B00300BFFE3C /* Debug */ = {
			isa = XCBuildConfiguration;
			buildSettings = {
				ASSETCATALOG_COMPILER_APPICON_NAME = AppIcon;
				CODE_SIGN_STYLE = Automatic;
				INFOPLIST_FILE = "Class22-2/Info.plist";
				LD_RUNPATH_SEARCH_PATHS = (
					"$(inherited)",
					"@executable_path/Frameworks",
				);
				PRODUCT_BUNDLE_IDENTIFIER = "com.phil.Class22-2";
				PRODUCT_NAME = "$(TARGET_NAME)";
				SWIFT_VERSION = 4.2;
				TARGETED_DEVICE_FAMILY = "1,2";
			};
			name = Debug;
		};
		4AF281832126B00300BFFE3C /* Release */ = {
			isa = XCBuildConfiguration;
			buildSettings = {
				ASSETCATALOG_COMPILER_APPICON_NAME = AppIcon;
				CODE_SIGN_STYLE = Automatic;
				INFOPLIST_FILE = "Class22-2/Info.plist";
				LD_RUNPATH_SEARCH_PATHS = (
					"$(inherited)",
					"@executable_path/Frameworks",
				);
				PRODUCT_BUNDLE_IDENTIFIER = "com.phil.Class22-2";
				PRODUCT_NAME = "$(TARGET_NAME)";
				SWIFT_VERSION = 4.2;
				TARGETED_DEVICE_FAMILY = "1,2";
			};
			name = Release;
		};
/* End XCBuildConfiguration section */

/* Begin XCConfigurationList section */
		4AF2816A2126B00100BFFE3C /* Build configuration list for PBXProject "Class22-2" */ = {
			isa = XCConfigurationList;
			buildConfigurations = (
				4AF2817F2126B00300BFFE3C /* Debug */,
				4AF281802126B00300BFFE3C /* Release */,
			);
			defaultConfigurationIsVisible = 0;
			defaultConfigurationName = Release;
		};
		4AF281812126B00300BFFE3C /* Build configuration list for PBXNativeTarget "Class22-2" */ = {
			isa = XCConfigurationList;
			buildConfigurations = (
				4AF281822126B00300BFFE3C /* Debug */,
				4AF281832126B00300BFFE3C /* Release */,
			);
			defaultConfigurationIsVisible = 0;
			defaultConfigurationName = Release;
		};
/* End XCConfigurationList section */
	};
	rootObject = 4AF281672126B00100BFFE3C /* Project object */;
}
